
Microsoft Visual Studio Solution File, Format Version 12.00
# Visual Studio Version 16
VisualStudioVersion = 16.0.31129.286
MinimumVisualStudioVersion = 10.0.40219.1
Project("{FAE04EC0-301F-11D3-BF4B-00C04F79EFBC}") = "MuCore", "MuCore\MuCore.csproj", "{F8D01BBC-AC23-4A05-A249-CEF0A5256EA9}"
EndProject
Project("{FAE04EC0-301F-11D3-BF4B-00C04F79EFBC}") = "MuCore.Server", "MuCore.Server\MuCore.Server.csproj", "{2AE68899-644B-47FE-B4E2-B34646DF7945}"
EndProject
Project("{FAE04EC0-301F-11D3-BF4B-00C04F79EFBC}") = "MuCore.Queue", "MuCore.Queue\MuCore.Queue.csproj", "{20DBAEF0-953A-4364-AF79-F554CADAD176}"
EndProject
Project("{FAE04EC0-301F-11D3-BF4B-00C04F79EFBC}") = "MuCore.Input", "MuCore.Input\MuCore.Input.csproj", "{299A6586-6E3B-4104-A69B-D1E0B2FDC9B7}"
EndProject
Project("{FAE04EC0-301F-11D3-BF4B-00C04F79EFBC}") = "MuCore.Identity", "MuCore.Identity\MuCore.Identity.csproj", "{AAF1E25F-765E-482D-A73B-A7CAA1B2834A}"
EndProject
Global
	GlobalSection(SolutionConfigurationPlatforms) = preSolution
		Debug|Any CPU = Debug|Any CPU
		Release|Any CPU = Release|Any CPU
	EndGlobalSection
	GlobalSection(ProjectConfigurationPlatforms) = postSolution
		{F8D01BBC-AC23-4A05-A249-CEF0A5256EA9}.Debug|Any CPU.ActiveCfg = Debug|Any CPU
		{F8D01BBC-AC23-4A05-A249-CEF0A5256EA9}.Debug|Any CPU.Build.0 = Debug|Any CPU
		{F8D01BBC-AC23-4A05-A249-CEF0A5256EA9}.Release|Any CPU.ActiveCfg = Release|Any CPU
		{F8D01BBC-AC23-4A05-A249-CEF0A5256EA9}.Release|Any CPU.Build.0 = Release|Any CPU
		{2AE68899-644B-47FE-B4E2-B34646DF7945}.Debug|Any CPU.ActiveCfg = Debug|Any CPU
		{2AE68899-644B-47FE-B4E2-B34646DF7945}.Debug|Any CPU.Build.0 = Debug|Any CPU
		{2AE68899-644B-47FE-B4E2-B34646DF7945}.Release|Any CPU.ActiveCfg = Release|Any CPU
		{2AE68899-644B-47FE-B4E2-B34646DF7945}.Release|Any CPU.Build.0 = Release|Any CPU
		{20DBAEF0-953A-4364-AF79-F554CADAD176}.Debug|Any CPU.ActiveCfg = Debug|Any CPU
		{20DBAEF0-953A-4364-AF79-F554CADAD176}.Debug|Any CPU.Build.0 = Debug|Any CPU
		{20DBAEF0-953A-4364-AF79-F554CADAD176}.Release|Any CPU.ActiveCfg = Release|Any CPU
		{20DBAEF0-953A-4364-AF79-F554CADAD176}.Release|Any CPU.Build.0 = Release|Any CPU
		{299A6586-6E3B-4104-A69B-D1E0B2FDC9B7}.Debug|Any CPU.ActiveCfg = Debug|Any CPU
		{299A6586-6E3B-4104-A69B-D1E0B2FDC9B7}.Debug|Any CPU.Build.0 = Debug|Any CPU
		{299A6586-6E3B-4104-A69B-D1E0B2FDC9B7}.Release|Any CPU.ActiveCfg = Release|Any CPU
		{299A6586-6E3B-4104-A69B-D1E0B2FDC9B7}.Release|Any CPU.Build.0 = Release|Any CPU
		{AAF1E25F-765E-482D-A73B-A7CAA1B2834A}.Debug|Any CPU.ActiveCfg = Debug|Any CPU
		{AAF1E25F-765E-482D-A73B-A7CAA1B2834A}.Debug|Any CPU.Build.0 = Debug|Any CPU
		{AAF1E25F-765E-482D-A73B-A7CAA1B2834A}.Release|Any CPU.ActiveCfg = Release|Any CPU
		{AAF1E25F-765E-482D-A73B-A7CAA1B2834A}.Release|Any CPU.Build.0 = Release|Any CPU
	EndGlobalSection
	GlobalSection(SolutionProperties) = preSolution
		HideSolutionNode = FALSE
	EndGlobalSection
	GlobalSection(ExtensibilityGlobals) = postSolution
		SolutionGuid = {FC69DCFF-A29D-40E7-A3F7-A6B0B87713F0}
	EndGlobalSection
EndGlobal
